
Microsoft Visual Studio Solution File, Format Version 12.00
# Visual Studio Version 17
VisualStudioVersion = 17.5.33414.496
MinimumVisualStudioVersion = 10.0.40219.1
Project("{2150E333-8FDC-42A3-9474-1A3956D46DE8}") = "01.Client", "01.Client", "{20C6BA7B-72AA-4AFB-BA4C-1C5724469358}"
EndProject
Project("{2150E333-8FDC-42A3-9474-1A3956D46DE8}") = "02.Application", "02.Application", "{C0ACC307-9A0C-443E-81E8-BCBEE5910D93}"
EndProject
Project("{2150E333-8FDC-42A3-9474-1A3956D46DE8}") = "03.Persistance", "03.Persistance", "{69AD59E9-74B3-4242-8D1D-8901B07A1C8D}"
EndProject
Project("{2150E333-8FDC-42A3-9474-1A3956D46DE8}") = "04.Domain", "04.Domain", "{DD951046-F02B-45D1-BBD1-A0051557C908}"
EndProject
Project("{9A19103F-16F7-4668-BE54-9A1E7A4F7556}") = "VRT.Resume.Persistence", "VRT.Resume.Persistence\VRT.Resume.Persistence.csproj", "{1FD9E47F-E123-426C-A62A-4FFEC9B5D5E1}"
EndProject
Project("{9A19103F-16F7-4668-BE54-9A1E7A4F7556}") = "VRT.Resume.Domain", "VRT.Resume.Domain\VRT.Resume.Domain.csproj", "{2A9487E5-4F3F-4909-B51F-FD3AF8B8BB7A}"
EndProject
Project("{9A19103F-16F7-4668-BE54-9A1E7A4F7556}") = "VRT.Resume.Application", "VRT.Resume.Application\VRT.Resume.Application.csproj", "{39002F6A-704F-45DF-9FC4-DBA218BF032C}"
EndProject
Project("{9A19103F-16F7-4668-BE54-9A1E7A4F7556}") = "VRT.Resume.Application.Tests.Integration", "VRT.Resume.Application.Tests.Unit\VRT.Resume.Application.Tests.Integration.csproj", "{42F46436-8049-438E-A7BF-0D6542290907}"
EndProject
Project("{9A19103F-16F7-4668-BE54-9A1E7A4F7556}") = "VRT.Resume.Mvc", "VRT.Resume.Mvc\VRT.Resume.Mvc.csproj", "{26BAB2C3-CD47-4B75-BF15-7611AD939B71}"
EndProject
Project("{9A19103F-16F7-4668-BE54-9A1E7A4F7556}") = "VRT.Resume.Resources", "VRT.Resume.Resources\VRT.Resume.Resources.csproj", "{5B325B98-78ED-458D-A337-8A98E34BC788}"
EndProject
Project("{2150E333-8FDC-42A3-9474-1A3956D46DE8}") = "Solution Items", "Solution Items", "{D929897D-B57A-4734-B04E-89D40EE07764}"
	ProjectSection(SolutionItems) = preProject
		.editorconfig = .editorconfig
		.gitignore = .gitignore
		build.cake = build.cake
		Directory.Build.props = Directory.Build.props
		Directory.Build.targets = Directory.Build.targets
		.config\dotnet-tools.json = .config\dotnet-tools.json
		LICENSE = LICENSE
		README.md = README.md
	EndProjectSection
EndProject
Global
	GlobalSection(SolutionConfigurationPlatforms) = preSolution
		Debug|Any CPU = Debug|Any CPU
		Release|Any CPU = Release|Any CPU
	EndGlobalSection
	GlobalSection(ProjectConfigurationPlatforms) = postSolution
		{1FD9E47F-E123-426C-A62A-4FFEC9B5D5E1}.Debug|Any CPU.ActiveCfg = Debug|Any CPU
		{1FD9E47F-E123-426C-A62A-4FFEC9B5D5E1}.Debug|Any CPU.Build.0 = Debug|Any CPU
		{1FD9E47F-E123-426C-A62A-4FFEC9B5D5E1}.Release|Any CPU.ActiveCfg = Release|Any CPU
		{1FD9E47F-E123-426C-A62A-4FFEC9B5D5E1}.Release|Any CPU.Build.0 = Release|Any CPU
		{2A9487E5-4F3F-4909-B51F-FD3AF8B8BB7A}.Debug|Any CPU.ActiveCfg = Debug|Any CPU
		{2A9487E5-4F3F-4909-B51F-FD3AF8B8BB7A}.Debug|Any CPU.Build.0 = Debug|Any CPU
		{2A9487E5-4F3F-4909-B51F-FD3AF8B8BB7A}.Release|Any CPU.ActiveCfg = Release|Any CPU
		{2A9487E5-4F3F-4909-B51F-FD3AF8B8BB7A}.Release|Any CPU.Build.0 = Release|Any CPU
		{39002F6A-704F-45DF-9FC4-DBA218BF032C}.Debug|Any CPU.ActiveCfg = Debug|Any CPU
		{39002F6A-704F-45DF-9FC4-DBA218BF032C}.Debug|Any CPU.Build.0 = Debug|Any CPU
		{39002F6A-704F-45DF-9FC4-DBA218BF032C}.Release|Any CPU.ActiveCfg = Release|Any CPU
		{39002F6A-704F-45DF-9FC4-DBA218BF032C}.Release|Any CPU.Build.0 = Release|Any CPU
		{42F46436-8049-438E-A7BF-0D6542290907}.Debug|Any CPU.ActiveCfg = Debug|Any CPU
		{42F46436-8049-438E-A7BF-0D6542290907}.Debug|Any CPU.Build.0 = Debug|Any CPU
		{42F46436-8049-438E-A7BF-0D6542290907}.Release|Any CPU.ActiveCfg = Release|Any CPU
		{42F46436-8049-438E-A7BF-0D6542290907}.Release|Any CPU.Build.0 = Release|Any CPU
		{26BAB2C3-CD47-4B75-BF15-7611AD939B71}.Debug|Any CPU.ActiveCfg = Debug|Any CPU
		{26BAB2C3-CD47-4B75-BF15-7611AD939B71}.Debug|Any CPU.Build.0 = Debug|Any CPU
		{26BAB2C3-CD47-4B75-BF15-7611AD939B71}.Release|Any CPU.ActiveCfg = Release|Any CPU
		{26BAB2C3-CD47-4B75-BF15-7611AD939B71}.Release|Any CPU.Build.0 = Release|Any CPU
		{5B325B98-78ED-458D-A337-8A98E34BC788}.Debug|Any CPU.ActiveCfg = Debug|Any CPU
		{5B325B98-78ED-458D-A337-8A98E34BC788}.Debug|Any CPU.Build.0 = Debug|Any CPU
		{5B325B98-78ED-458D-A337-8A98E34BC788}.Release|Any CPU.ActiveCfg = Release|Any CPU
		{5B325B98-78ED-458D-A337-8A98E34BC788}.Release|Any CPU.Build.0 = Release|Any CPU
	EndGlobalSection
	GlobalSection(SolutionProperties) = preSolution
		HideSolutionNode = FALSE
	EndGlobalSection
	GlobalSection(NestedProjects) = preSolution
		{1FD9E47F-E123-426C-A62A-4FFEC9B5D5E1} = {69AD59E9-74B3-4242-8D1D-8901B07A1C8D}
		{2A9487E5-4F3F-4909-B51F-FD3AF8B8BB7A} = {DD951046-F02B-45D1-BBD1-A0051557C908}
		{39002F6A-704F-45DF-9FC4-DBA218BF032C} = {C0ACC307-9A0C-443E-81E8-BCBEE5910D93}
		{42F46436-8049-438E-A7BF-0D6542290907} = {C0ACC307-9A0C-443E-81E8-BCBEE5910D93}
		{26BAB2C3-CD47-4B75-BF15-7611AD939B71} = {20C6BA7B-72AA-4AFB-BA4C-1C5724469358}
		{5B325B98-78ED-458D-A337-8A98E34BC788} = {20C6BA7B-72AA-4AFB-BA4C-1C5724469358}
	EndGlobalSection
	GlobalSection(ExtensibilityGlobals) = postSolution
		SolutionGuid = {791D8E61-85FE-496A-81AF-34269D9F97C2}
	EndGlobalSection
EndGlobal
